
Microsoft Visual Studio Solution File, Format Version 12.00
# Visual Studio 2013
VisualStudioVersion = 12.0.21005.1
MinimumVisualStudioVersion = 10.0.40219.1
Project("{8BC9CEB8-8B4A-11D0-8D11-00A0C91BC942}") = "ComplexNet", "ComplexNet\ComplexNet.vcxproj", "{01D5D38F-84F3-43A9-9965-2EED0A56DCE9}"
	ProjectSection(ProjectDependencies) = postProject
		{ACFCCB76-8F1E-4D8A-B0B2-FF3D70C17869} = {ACFCCB76-8F1E-4D8A-B0B2-FF3D70C17869}
	EndProjectSection
EndProject
Project("{8BC9CEB8-8B4A-11D0-8D11-00A0C91BC942}") = "NetworkFun", "NetworkFun\NetworkFun.vcxproj", "{ACFCCB76-8F1E-4D8A-B0B2-FF3D70C17869}"
EndProject
Global
	GlobalSection(SolutionConfigurationPlatforms) = preSolution
		Debug|Win32 = Debug|Win32
		Release|Win32 = Release|Win32
	EndGlobalSection
	GlobalSection(ProjectConfigurationPlatforms) = postSolution
		{01D5D38F-84F3-43A9-9965-2EED0A56DCE9}.Debug|Win32.ActiveCfg = Debug|Win32
		{01D5D38F-84F3-43A9-9965-2EED0A56DCE9}.Debug|Win32.Build.0 = Debug|Win32
		{01D5D38F-84F3-43A9-9965-2EED0A56DCE9}.Release|Win32.ActiveCfg = Release|Win32
		{01D5D38F-84F3-43A9-9965-2EED0A56DCE9}.Release|Win32.Build.0 = Release|Win32
		{ACFCCB76-8F1E-4D8A-B0B2-FF3D70C17869}.Debug|Win32.ActiveCfg = Debug|Win32
		{ACFCCB76-8F1E-4D8A-B0B2-FF3D70C17869}.Debug|Win32.Build.0 = Debug|Win32
		{ACFCCB76-8F1E-4D8A-B0B2-FF3D70C17869}.Release|Win32.ActiveCfg = Release|Win32
		{ACFCCB76-8F1E-4D8A-B0B2-FF3D70C17869}.Release|Win32.Build.0 = Release|Win32
	EndGlobalSection
	GlobalSection(SolutionProperties) = preSolution
		HideSolutionNode = FALSE
	EndGlobalSection
	GlobalSection(Performance) = preSolution
		HasPerformanceSessions = true
	EndGlobalSection
EndGlobal
